
Microsoft Visual Studio Solution File, Format Version 11.00
# Visual Studio 2010
Project("{E24C65DC-7377-472B-9ABA-BC803B73C61A}") = "CSWeb", "CSWeb\", "{10C385E2-E858-4D84-956C-0E5810619BAD}"
	ProjectSection(WebsiteProperties) = preProject
		TargetFrameworkMoniker = ".NETFramework,Version%3Dv4.0"
		ProjectReferences = "{04F24B07-4829-4AC5-94BC-37F681CD1ECF}|CSWeb.Utility.dll;{94EB6C49-8A53-432D-B3DB-473A77D101B9}|BLL.BusinessObject.dll;{8C966FE8-9462-4AF5-B745-151C273B70A4}|BLL.Component.dll;{F6FDD0F0-044F-4657-A7C4-AE8387AC0E47}|DAL.Component.dll;"
		Debug.AspNetCompiler.VirtualPath = "/CSWeb"
		Debug.AspNetCompiler.PhysicalPath = "CSWeb\"
		Debug.AspNetCompiler.TargetPath = "PrecompiledWeb\CSWeb\"
		Debug.AspNetCompiler.Updateable = "true"
		Debug.AspNetCompiler.ForceOverwrite = "true"
		Debug.AspNetCompiler.FixedNames = "false"
		Debug.AspNetCompiler.Debug = "True"
		Release.AspNetCompiler.VirtualPath = "/CSWeb"
		Release.AspNetCompiler.PhysicalPath = "CSWeb\"
		Release.AspNetCompiler.TargetPath = "PrecompiledWeb\CSWeb\"
		Release.AspNetCompiler.Updateable = "true"
		Release.AspNetCompiler.ForceOverwrite = "true"
		Release.AspNetCompiler.FixedNames = "false"
		Release.AspNetCompiler.Debug = "False"
		VWDPort = "57629"
		DefaultWebSiteLanguage = "Visual C#"
	EndProjectSection
EndProject
Project("{FAE04EC0-301F-11D3-BF4B-00C04F79EFBC}") = "CSWeb.Utility", "CSWeb.Utility\CSWeb.Utility.csproj", "{04F24B07-4829-4AC5-94BC-37F681CD1ECF}"
EndProject
Project("{FAE04EC0-301F-11D3-BF4B-00C04F79EFBC}") = "BLL.Component", "BLL.Component\BLL.Component.csproj", "{8C966FE8-9462-4AF5-B745-151C273B70A4}"
EndProject
Project("{FAE04EC0-301F-11D3-BF4B-00C04F79EFBC}") = "DAL.Component", "DAL.Component\DAL.Component.csproj", "{F6FDD0F0-044F-4657-A7C4-AE8387AC0E47}"
EndProject
Project("{FAE04EC0-301F-11D3-BF4B-00C04F79EFBC}") = "BLL.BusinessObject", "BLL.BusinessObject\BLL.BusinessObject.csproj", "{94EB6C49-8A53-432D-B3DB-473A77D101B9}"
EndProject
Project("{C8D11400-126E-41CD-887F-60BD40844F9E}") = "ClothingShopDB", "ClothingShopDB\ClothingShopDB.dbproj", "{67CBC824-A49E-4E9B-A947-360F3DFE65C3}"
EndProject
Global
	GlobalSection(SolutionConfigurationPlatforms) = preSolution
		Debug|Any CPU = Debug|Any CPU
		Debug|Mixed Platforms = Debug|Mixed Platforms
		Debug|x86 = Debug|x86
		Release|Any CPU = Release|Any CPU
		Release|Mixed Platforms = Release|Mixed Platforms
		Release|x86 = Release|x86
	EndGlobalSection
	GlobalSection(ProjectConfigurationPlatforms) = postSolution
		{10C385E2-E858-4D84-956C-0E5810619BAD}.Debug|Any CPU.ActiveCfg = Debug|Any CPU
		{10C385E2-E858-4D84-956C-0E5810619BAD}.Debug|Any CPU.Build.0 = Debug|Any CPU
		{10C385E2-E858-4D84-956C-0E5810619BAD}.Debug|Mixed Platforms.ActiveCfg = Debug|Any CPU
		{10C385E2-E858-4D84-956C-0E5810619BAD}.Debug|Mixed Platforms.Build.0 = Debug|Any CPU
		{10C385E2-E858-4D84-956C-0E5810619BAD}.Debug|x86.ActiveCfg = Debug|Any CPU
		{10C385E2-E858-4D84-956C-0E5810619BAD}.Release|Any CPU.ActiveCfg = Debug|Any CPU
		{10C385E2-E858-4D84-956C-0E5810619BAD}.Release|Any CPU.Build.0 = Debug|Any CPU
		{10C385E2-E858-4D84-956C-0E5810619BAD}.Release|Mixed Platforms.ActiveCfg = Debug|Any CPU
		{10C385E2-E858-4D84-956C-0E5810619BAD}.Release|Mixed Platforms.Build.0 = Debug|Any CPU
		{10C385E2-E858-4D84-956C-0E5810619BAD}.Release|x86.ActiveCfg = Debug|Any CPU
		{04F24B07-4829-4AC5-94BC-37F681CD1ECF}.Debug|Any CPU.ActiveCfg = Debug|Any CPU
		{04F24B07-4829-4AC5-94BC-37F681CD1ECF}.Debug|Any CPU.Build.0 = Debug|Any CPU
		{04F24B07-4829-4AC5-94BC-37F681CD1ECF}.Debug|Mixed Platforms.ActiveCfg = Debug|Any CPU
		{04F24B07-4829-4AC5-94BC-37F681CD1ECF}.Debug|Mixed Platforms.Build.0 = Debug|Any CPU
		{04F24B07-4829-4AC5-94BC-37F681CD1ECF}.Debug|x86.ActiveCfg = Debug|Any CPU
		{04F24B07-4829-4AC5-94BC-37F681CD1ECF}.Release|Any CPU.ActiveCfg = Release|Any CPU
		{04F24B07-4829-4AC5-94BC-37F681CD1ECF}.Release|Any CPU.Build.0 = Release|Any CPU
		{04F24B07-4829-4AC5-94BC-37F681CD1ECF}.Release|Mixed Platforms.ActiveCfg = Release|Any CPU
		{04F24B07-4829-4AC5-94BC-37F681CD1ECF}.Release|Mixed Platforms.Build.0 = Release|Any CPU
		{04F24B07-4829-4AC5-94BC-37F681CD1ECF}.Release|x86.ActiveCfg = Release|Any CPU
		{8C966FE8-9462-4AF5-B745-151C273B70A4}.Debug|Any CPU.ActiveCfg = Debug|Any CPU
		{8C966FE8-9462-4AF5-B745-151C273B70A4}.Debug|Any CPU.Build.0 = Debug|Any CPU
		{8C966FE8-9462-4AF5-B745-151C273B70A4}.Debug|Mixed Platforms.ActiveCfg = Debug|Any CPU
		{8C966FE8-9462-4AF5-B745-151C273B70A4}.Debug|Mixed Platforms.Build.0 = Debug|Any CPU
		{8C966FE8-9462-4AF5-B745-151C273B70A4}.Debug|x86.ActiveCfg = Debug|Any CPU
		{8C966FE8-9462-4AF5-B745-151C273B70A4}.Release|Any CPU.ActiveCfg = Release|Any CPU
		{8C966FE8-9462-4AF5-B745-151C273B70A4}.Release|Any CPU.Build.0 = Release|Any CPU
		{8C966FE8-9462-4AF5-B745-151C273B70A4}.Release|Mixed Platforms.ActiveCfg = Release|Any CPU
		{8C966FE8-9462-4AF5-B745-151C273B70A4}.Release|Mixed Platforms.Build.0 = Release|Any CPU
		{8C966FE8-9462-4AF5-B745-151C273B70A4}.Release|x86.ActiveCfg = Release|Any CPU
		{F6FDD0F0-044F-4657-A7C4-AE8387AC0E47}.Debug|Any CPU.ActiveCfg = Debug|Any CPU
		{F6FDD0F0-044F-4657-A7C4-AE8387AC0E47}.Debug|Any CPU.Build.0 = Debug|Any CPU
		{F6FDD0F0-044F-4657-A7C4-AE8387AC0E47}.Debug|Mixed Platforms.ActiveCfg = Debug|Any CPU
		{F6FDD0F0-044F-4657-A7C4-AE8387AC0E47}.Debug|Mixed Platforms.Build.0 = Debug|Any CPU
		{F6FDD0F0-044F-4657-A7C4-AE8387AC0E47}.Debug|x86.ActiveCfg = Debug|Any CPU
		{F6FDD0F0-044F-4657-A7C4-AE8387AC0E47}.Release|Any CPU.ActiveCfg = Release|Any CPU
		{F6FDD0F0-044F-4657-A7C4-AE8387AC0E47}.Release|Any CPU.Build.0 = Release|Any CPU
		{F6FDD0F0-044F-4657-A7C4-AE8387AC0E47}.Release|Mixed Platforms.ActiveCfg = Release|Any CPU
		{F6FDD0F0-044F-4657-A7C4-AE8387AC0E47}.Release|Mixed Platforms.Build.0 = Release|Any CPU
		{F6FDD0F0-044F-4657-A7C4-AE8387AC0E47}.Release|x86.ActiveCfg = Release|Any CPU
		{94EB6C49-8A53-432D-B3DB-473A77D101B9}.Debug|Any CPU.ActiveCfg = Debug|Any CPU
		{94EB6C49-8A53-432D-B3DB-473A77D101B9}.Debug|Any CPU.Build.0 = Debug|Any CPU
		{94EB6C49-8A53-432D-B3DB-473A77D101B9}.Debug|Mixed Platforms.ActiveCfg = Debug|Any CPU
		{94EB6C49-8A53-432D-B3DB-473A77D101B9}.Debug|Mixed Platforms.Build.0 = Debug|Any CPU
		{94EB6C49-8A53-432D-B3DB-473A77D101B9}.Debug|x86.ActiveCfg = Debug|Any CPU
		{94EB6C49-8A53-432D-B3DB-473A77D101B9}.Release|Any CPU.ActiveCfg = Release|Any CPU
		{94EB6C49-8A53-432D-B3DB-473A77D101B9}.Release|Any CPU.Build.0 = Release|Any CPU
		{94EB6C49-8A53-432D-B3DB-473A77D101B9}.Release|Mixed Platforms.ActiveCfg = Release|Any CPU
		{94EB6C49-8A53-432D-B3DB-473A77D101B9}.Release|Mixed Platforms.Build.0 = Release|Any CPU
		{94EB6C49-8A53-432D-B3DB-473A77D101B9}.Release|x86.ActiveCfg = Release|Any CPU
		{67CBC824-A49E-4E9B-A947-360F3DFE65C3}.Debug|Any CPU.ActiveCfg = Debug|Any CPU
		{67CBC824-A49E-4E9B-A947-360F3DFE65C3}.Debug|Any CPU.Build.0 = Debug|Any CPU
		{67CBC824-A49E-4E9B-A947-360F3DFE65C3}.Debug|Any CPU.Deploy.0 = Debug|Any CPU
		{67CBC824-A49E-4E9B-A947-360F3DFE65C3}.Debug|Mixed Platforms.ActiveCfg = Debug|Any CPU
		{67CBC824-A49E-4E9B-A947-360F3DFE65C3}.Debug|Mixed Platforms.Build.0 = Debug|Any CPU
		{67CBC824-A49E-4E9B-A947-360F3DFE65C3}.Debug|Mixed Platforms.Deploy.0 = Debug|Any CPU
		{67CBC824-A49E-4E9B-A947-360F3DFE65C3}.Debug|x86.ActiveCfg = Debug|Any CPU
		{67CBC824-A49E-4E9B-A947-360F3DFE65C3}.Release|Any CPU.ActiveCfg = Release|Any CPU
		{67CBC824-A49E-4E9B-A947-360F3DFE65C3}.Release|Any CPU.Build.0 = Release|Any CPU
		{67CBC824-A49E-4E9B-A947-360F3DFE65C3}.Release|Any CPU.Deploy.0 = Release|Any CPU
		{67CBC824-A49E-4E9B-A947-360F3DFE65C3}.Release|Mixed Platforms.ActiveCfg = Release|Any CPU
		{67CBC824-A49E-4E9B-A947-360F3DFE65C3}.Release|Mixed Platforms.Build.0 = Release|Any CPU
		{67CBC824-A49E-4E9B-A947-360F3DFE65C3}.Release|Mixed Platforms.Deploy.0 = Release|Any CPU
		{67CBC824-A49E-4E9B-A947-360F3DFE65C3}.Release|x86.ActiveCfg = Release|Any CPU
	EndGlobalSection
	GlobalSection(SolutionProperties) = preSolution
		HideSolutionNode = FALSE
	EndGlobalSection
EndGlobal
